
Microsoft Visual Studio Solution File, Format Version 12.00
# Visual Studio 2013
VisualStudioVersion = 12.0.31101.0
MinimumVisualStudioVersion = 10.0.40219.1
Project("{FAE04EC0-301F-11D3-BF4B-00C04F79EFBC}") = "ImageSlider", "ImageSlider\ImageSlider.csproj", "{47130C07-A6F1-46D4-BACE-3D6555E9C700}"
EndProject
Project("{FAE04EC0-301F-11D3-BF4B-00C04F79EFBC}") = "ImageSearchAPILib", "ImageSearchAPILib\ImageSearchAPILib.csproj", "{D8563AAE-779D-4BB4-95B8-F70DA3BC34B0}"
EndProject
Project("{FAE04EC0-301F-11D3-BF4B-00C04F79EFBC}") = "GoogleImageSearchAPI", "GoogleImageSearchAPI\GoogleImageSearchAPI.csproj", "{7AC5A868-EE93-4C01-B7EF-69F96C2E91C3}"
EndProject
Project("{FAE04EC0-301F-11D3-BF4B-00C04F79EFBC}") = "PixivImageSearchAPI", "PixivImageSearchAPI\PixivImageSearchAPI.csproj", "{5B6B0D0E-37FD-4FAB-AA5C-121BD7DAA197}"
EndProject
Project("{FAE04EC0-301F-11D3-BF4B-00C04F79EFBC}") = "NicoSeigaImageSearchAPI", "NicoSeigaImageSearchAPI\NicoSeigaImageSearchAPI.csproj", "{AC92AA91-8110-4530-9E5F-374BEB14B24E}"
EndProject
Project("{FAE04EC0-301F-11D3-BF4B-00C04F79EFBC}") = "TwitterImageSearchAPI", "TwitterImageSearchAPI\TwitterImageSearchAPI.csproj", "{672AFA99-26CD-488E-B633-7F6D394B7D45}"
EndProject
Global
	GlobalSection(SolutionConfigurationPlatforms) = preSolution
		Debug|Any CPU = Debug|Any CPU
		Release|Any CPU = Release|Any CPU
	EndGlobalSection
	GlobalSection(ProjectConfigurationPlatforms) = postSolution
		{47130C07-A6F1-46D4-BACE-3D6555E9C700}.Debug|Any CPU.ActiveCfg = Debug|Any CPU
		{47130C07-A6F1-46D4-BACE-3D6555E9C700}.Debug|Any CPU.Build.0 = Debug|Any CPU
		{47130C07-A6F1-46D4-BACE-3D6555E9C700}.Release|Any CPU.ActiveCfg = Release|Any CPU
		{47130C07-A6F1-46D4-BACE-3D6555E9C700}.Release|Any CPU.Build.0 = Release|Any CPU
		{D8563AAE-779D-4BB4-95B8-F70DA3BC34B0}.Debug|Any CPU.ActiveCfg = Debug|Any CPU
		{D8563AAE-779D-4BB4-95B8-F70DA3BC34B0}.Debug|Any CPU.Build.0 = Debug|Any CPU
		{D8563AAE-779D-4BB4-95B8-F70DA3BC34B0}.Release|Any CPU.ActiveCfg = Release|Any CPU
		{D8563AAE-779D-4BB4-95B8-F70DA3BC34B0}.Release|Any CPU.Build.0 = Release|Any CPU
		{7AC5A868-EE93-4C01-B7EF-69F96C2E91C3}.Debug|Any CPU.ActiveCfg = Debug|Any CPU
		{7AC5A868-EE93-4C01-B7EF-69F96C2E91C3}.Debug|Any CPU.Build.0 = Debug|Any CPU
		{7AC5A868-EE93-4C01-B7EF-69F96C2E91C3}.Release|Any CPU.ActiveCfg = Release|Any CPU
		{7AC5A868-EE93-4C01-B7EF-69F96C2E91C3}.Release|Any CPU.Build.0 = Release|Any CPU
		{5B6B0D0E-37FD-4FAB-AA5C-121BD7DAA197}.Debug|Any CPU.ActiveCfg = Debug|Any CPU
		{5B6B0D0E-37FD-4FAB-AA5C-121BD7DAA197}.Debug|Any CPU.Build.0 = Debug|Any CPU
		{5B6B0D0E-37FD-4FAB-AA5C-121BD7DAA197}.Release|Any CPU.ActiveCfg = Release|Any CPU
		{5B6B0D0E-37FD-4FAB-AA5C-121BD7DAA197}.Release|Any CPU.Build.0 = Release|Any CPU
		{AC92AA91-8110-4530-9E5F-374BEB14B24E}.Debug|Any CPU.ActiveCfg = Debug|Any CPU
		{AC92AA91-8110-4530-9E5F-374BEB14B24E}.Debug|Any CPU.Build.0 = Debug|Any CPU
		{AC92AA91-8110-4530-9E5F-374BEB14B24E}.Release|Any CPU.ActiveCfg = Release|Any CPU
		{AC92AA91-8110-4530-9E5F-374BEB14B24E}.Release|Any CPU.Build.0 = Release|Any CPU
		{672AFA99-26CD-488E-B633-7F6D394B7D45}.Debug|Any CPU.ActiveCfg = Debug|Any CPU
		{672AFA99-26CD-488E-B633-7F6D394B7D45}.Debug|Any CPU.Build.0 = Debug|Any CPU
		{672AFA99-26CD-488E-B633-7F6D394B7D45}.Release|Any CPU.ActiveCfg = Release|Any CPU
		{672AFA99-26CD-488E-B633-7F6D394B7D45}.Release|Any CPU.Build.0 = Release|Any CPU
	EndGlobalSection
	GlobalSection(SolutionProperties) = preSolution
		HideSolutionNode = FALSE
	EndGlobalSection
EndGlobal
